
Microsoft Visual Studio Solution File, Format Version 12.00
Project("{FAE04EC0-301F-11D3-BF4B-00C04F79EFBC}") = "RottenRun", "RottenRun\RottenRun.csproj", "{DD20F326-D084-4010-80F3-BEA62A4950D8}"
EndProject
Project("{FAE04EC0-301F-11D3-BF4B-00C04F79EFBC}") = "TestProject1", "TestProject1\TestProject1.csproj", "{B9B4E63B-081B-465A-B71B-BCD3874B2F61}"
EndProject
Global
	GlobalSection(SolutionConfigurationPlatforms) = preSolution
		Debug|Any CPU = Debug|Any CPU
		Release|Any CPU = Release|Any CPU
	EndGlobalSection
	GlobalSection(ProjectConfigurationPlatforms) = postSolution
		{DD20F326-D084-4010-80F3-BEA62A4950D8}.Debug|Any CPU.ActiveCfg = Debug|Any CPU
		{DD20F326-D084-4010-80F3-BEA62A4950D8}.Debug|Any CPU.Build.0 = Debug|Any CPU
		{DD20F326-D084-4010-80F3-BEA62A4950D8}.Release|Any CPU.ActiveCfg = Release|Any CPU
		{DD20F326-D084-4010-80F3-BEA62A4950D8}.Release|Any CPU.Build.0 = Release|Any CPU
		{B9B4E63B-081B-465A-B71B-BCD3874B2F61}.Debug|Any CPU.ActiveCfg = Debug|Any CPU
		{B9B4E63B-081B-465A-B71B-BCD3874B2F61}.Debug|Any CPU.Build.0 = Debug|Any CPU
		{B9B4E63B-081B-465A-B71B-BCD3874B2F61}.Release|Any CPU.ActiveCfg = Release|Any CPU
		{B9B4E63B-081B-465A-B71B-BCD3874B2F61}.Release|Any CPU.Build.0 = Release|Any CPU
	EndGlobalSection
EndGlobal
